
Microsoft Visual Studio Solution File, Format Version 12.00
# Visual Studio Version 16
VisualStudioVersion = 16.0.29306.81
MinimumVisualStudioVersion = 10.0.40219.1
Project("{9A19103F-16F7-4668-BE54-9A1E7A4F7556}") = "dn32.infra.Teste", "dn32.infra.teste\dn32.infra.Teste.csproj", "{AB51F7C9-E955-404F-B808-9D6C211950A6}"
EndProject
Project("{9A19103F-16F7-4668-BE54-9A1E7A4F7556}") = "dn32.infra.EntityFramework.SqlServer", "dn32.infra.entityFramework.sqlServer\dn32.infra.EntityFramework.SqlServer.csproj", "{5354F543-E7F6-46E3-99DC-7F56D4573ACF}"
EndProject
Project("{9A19103F-16F7-4668-BE54-9A1E7A4F7556}") = "dn32.infra.EntityFramework.PostgreSQL", "dn32.infra.entityFramework.postgreSQL\dn32.infra.EntityFramework.PostgreSQL.csproj", "{7908F454-A8C8-42A8-8949-C1B33E2B56EF}"
EndProject
Project("{9A19103F-16F7-4668-BE54-9A1E7A4F7556}") = "dn32.infra.EntityFramework", "dn32.infra.entityFramework\dn32.infra.EntityFramework.csproj", "{B79539C3-9A24-437C-A8B0-578C2FF80763}"
EndProject
Project("{9A19103F-16F7-4668-BE54-9A1E7A4F7556}") = "dn32.infra.EntityFramework.MySQL", "dn32.infra.entityFramework.mySQL\dn32.infra.EntityFramework.MySQL.csproj", "{2F970D78-25E7-4374-848D-5FE159B23983}"
EndProject
Project("{9A19103F-16F7-4668-BE54-9A1E7A4F7556}") = "dn32.infra.EntityFramework.Oracle", "dn32.infra.entityFramework.oracle\dn32.infra.EntityFramework.Oracle.csproj", "{E0BABC2B-C759-4F1E-9109-BC52F9A9E7DF}"
EndProject
Project("{9A19103F-16F7-4668-BE54-9A1E7A4F7556}") = "dn32.infra.EntityFramework.MemoryDatabase", "dn32.infra.entityFramework.memoryDatabase\dn32.infra.EntityFramework.MemoryDatabase.csproj", "{39C0FE33-A0C6-4276-8C04-61314F5770FC}"
EndProject
Project("{9A19103F-16F7-4668-BE54-9A1E7A4F7556}") = "dn32.infra.Doc", "dn32.infra.doc\dn32.infra.Doc.csproj", "{D64F1786-68BF-47D9-8AA8-8758E75386A4}"
EndProject
Project("{2150E333-8FDC-42A3-9474-1A3956D46DE8}") = "Automatic", "Automatic", "{A8119674-A9A5-4E65-83B0-4A925629878C}"
	ProjectSection(SolutionItems) = preProject
		Directory.Build.props = Directory.Build.props
	EndProjectSection
EndProject
Project("{2150E333-8FDC-42A3-9474-1A3956D46DE8}") = "01 Núcleos", "01 Núcleos", "{0EBABE71-7A0B-4253-BC8A-51E338F9EAA6}"
EndProject
Project("{2150E333-8FDC-42A3-9474-1A3956D46DE8}") = "02 BD e Doc", "02 BD e Doc", "{F1AE78C0-4894-4D1C-9A02-AB71E94306F7}"
EndProject
Project("{2150E333-8FDC-42A3-9474-1A3956D46DE8}") = "pt-br", "pt-br", "{4158C429-5F1F-4FC6-B3E0-23FB8679F639}"
EndProject
Project("{9A19103F-16F7-4668-BE54-9A1E7A4F7556}") = "dn32.infra", "dn32.infra\dn32.infra.csproj", "{D5C1BF43-FCB2-44FB-A84D-E80697471011}"
EndProject
Project("{9A19103F-16F7-4668-BE54-9A1E7A4F7556}") = "dn32.infra.nucleo", "dn32.infra.nucleo\dn32.infra.nucleo.csproj", "{1CD9CD24-BFE9-4CA8-8469-1DD717E9A2D5}"
EndProject
Project("{9A19103F-16F7-4668-BE54-9A1E7A4F7556}") = "dn32.infra.EntityFramework.SqLite", "dn32.infra.entityFramework.sqLite\dn32.infra.EntityFramework.SqLite.csproj", "{1F272E7F-032D-4D24-AFCF-97E12D92E1CC}"
EndProject
Project("{9A19103F-16F7-4668-BE54-9A1E7A4F7556}") = "dn32.infra.nucleo.teste", "Testes\dn32.infra.nucleo.teste\dn32.infra.nucleo.teste.csproj", "{52C76FD8-FD52-4FC7-B33C-612E505D1B7F}"
EndProject
Project("{9A19103F-16F7-4668-BE54-9A1E7A4F7556}") = "dn32.infra.teste", "Testes\dn32.infra.teste\dn32.infra.teste.csproj", "{D61A415E-1A97-48E4-9F29-E5537D30DD1A}"
EndProject
Project("{9A19103F-16F7-4668-BE54-9A1E7A4F7556}") = "dn32.infra.RavenDB", "dn32.infra.RavenDB\dn32.infra.RavenDB.csproj", "{92118941-60F5-4F98-9A55-9EEBED80B84B}"
EndProject
Project("{9A19103F-16F7-4668-BE54-9A1E7A4F7556}") = "dn32.infra.MongoDB", "dn32.infra.MongoDB\dn32.infra.MongoDB.csproj", "{797F4BD7-139C-4660-83A0-60981701B002}"
EndProject
Project("{9A19103F-16F7-4668-BE54-9A1E7A4F7556}") = "dn32.infra.Redis", "dn32.infra.redis\dn32.infra.Redis.csproj", "{BD25E060-2CA8-447E-ACD9-42E99FD129F6}"
EndProject
Global
	GlobalSection(SolutionConfigurationPlatforms) = preSolution
		Debug|Any CPU = Debug|Any CPU
		Release|Any CPU = Release|Any CPU
	EndGlobalSection
	GlobalSection(ProjectConfigurationPlatforms) = postSolution
		{AB51F7C9-E955-404F-B808-9D6C211950A6}.Debug|Any CPU.ActiveCfg = Debug|Any CPU
		{AB51F7C9-E955-404F-B808-9D6C211950A6}.Debug|Any CPU.Build.0 = Debug|Any CPU
		{AB51F7C9-E955-404F-B808-9D6C211950A6}.Release|Any CPU.ActiveCfg = Release|Any CPU
		{AB51F7C9-E955-404F-B808-9D6C211950A6}.Release|Any CPU.Build.0 = Release|Any CPU
		{5354F543-E7F6-46E3-99DC-7F56D4573ACF}.Debug|Any CPU.ActiveCfg = Debug|Any CPU
		{5354F543-E7F6-46E3-99DC-7F56D4573ACF}.Debug|Any CPU.Build.0 = Debug|Any CPU
		{5354F543-E7F6-46E3-99DC-7F56D4573ACF}.Release|Any CPU.ActiveCfg = Release|Any CPU
		{5354F543-E7F6-46E3-99DC-7F56D4573ACF}.Release|Any CPU.Build.0 = Release|Any CPU
		{7908F454-A8C8-42A8-8949-C1B33E2B56EF}.Debug|Any CPU.ActiveCfg = Debug|Any CPU
		{7908F454-A8C8-42A8-8949-C1B33E2B56EF}.Debug|Any CPU.Build.0 = Debug|Any CPU
		{7908F454-A8C8-42A8-8949-C1B33E2B56EF}.Release|Any CPU.ActiveCfg = Release|Any CPU
		{7908F454-A8C8-42A8-8949-C1B33E2B56EF}.Release|Any CPU.Build.0 = Release|Any CPU
		{B79539C3-9A24-437C-A8B0-578C2FF80763}.Debug|Any CPU.ActiveCfg = Debug|Any CPU
		{B79539C3-9A24-437C-A8B0-578C2FF80763}.Debug|Any CPU.Build.0 = Debug|Any CPU
		{B79539C3-9A24-437C-A8B0-578C2FF80763}.Release|Any CPU.ActiveCfg = Release|Any CPU
		{B79539C3-9A24-437C-A8B0-578C2FF80763}.Release|Any CPU.Build.0 = Release|Any CPU
		{2F970D78-25E7-4374-848D-5FE159B23983}.Debug|Any CPU.ActiveCfg = Debug|Any CPU
		{2F970D78-25E7-4374-848D-5FE159B23983}.Debug|Any CPU.Build.0 = Debug|Any CPU
		{2F970D78-25E7-4374-848D-5FE159B23983}.Release|Any CPU.ActiveCfg = Release|Any CPU
		{2F970D78-25E7-4374-848D-5FE159B23983}.Release|Any CPU.Build.0 = Release|Any CPU
		{E0BABC2B-C759-4F1E-9109-BC52F9A9E7DF}.Debug|Any CPU.ActiveCfg = Debug|Any CPU
		{E0BABC2B-C759-4F1E-9109-BC52F9A9E7DF}.Debug|Any CPU.Build.0 = Debug|Any CPU
		{E0BABC2B-C759-4F1E-9109-BC52F9A9E7DF}.Release|Any CPU.ActiveCfg = Release|Any CPU
		{E0BABC2B-C759-4F1E-9109-BC52F9A9E7DF}.Release|Any CPU.Build.0 = Release|Any CPU
		{39C0FE33-A0C6-4276-8C04-61314F5770FC}.Debug|Any CPU.ActiveCfg = Debug|Any CPU
		{39C0FE33-A0C6-4276-8C04-61314F5770FC}.Debug|Any CPU.Build.0 = Debug|Any CPU
		{39C0FE33-A0C6-4276-8C04-61314F5770FC}.Release|Any CPU.ActiveCfg = Release|Any CPU
		{39C0FE33-A0C6-4276-8C04-61314F5770FC}.Release|Any CPU.Build.0 = Release|Any CPU
		{D64F1786-68BF-47D9-8AA8-8758E75386A4}.Debug|Any CPU.ActiveCfg = Debug|Any CPU
		{D64F1786-68BF-47D9-8AA8-8758E75386A4}.Debug|Any CPU.Build.0 = Debug|Any CPU
		{D64F1786-68BF-47D9-8AA8-8758E75386A4}.Release|Any CPU.ActiveCfg = Release|Any CPU
		{D64F1786-68BF-47D9-8AA8-8758E75386A4}.Release|Any CPU.Build.0 = Release|Any CPU
		{D5C1BF43-FCB2-44FB-A84D-E80697471011}.Debug|Any CPU.ActiveCfg = Debug|Any CPU
		{D5C1BF43-FCB2-44FB-A84D-E80697471011}.Debug|Any CPU.Build.0 = Debug|Any CPU
		{D5C1BF43-FCB2-44FB-A84D-E80697471011}.Release|Any CPU.ActiveCfg = Release|Any CPU
		{D5C1BF43-FCB2-44FB-A84D-E80697471011}.Release|Any CPU.Build.0 = Release|Any CPU
		{1CD9CD24-BFE9-4CA8-8469-1DD717E9A2D5}.Debug|Any CPU.ActiveCfg = Debug|Any CPU
		{1CD9CD24-BFE9-4CA8-8469-1DD717E9A2D5}.Debug|Any CPU.Build.0 = Debug|Any CPU
		{1CD9CD24-BFE9-4CA8-8469-1DD717E9A2D5}.Release|Any CPU.ActiveCfg = Release|Any CPU
		{1CD9CD24-BFE9-4CA8-8469-1DD717E9A2D5}.Release|Any CPU.Build.0 = Release|Any CPU
		{1F272E7F-032D-4D24-AFCF-97E12D92E1CC}.Debug|Any CPU.ActiveCfg = Debug|Any CPU
		{1F272E7F-032D-4D24-AFCF-97E12D92E1CC}.Debug|Any CPU.Build.0 = Debug|Any CPU
		{1F272E7F-032D-4D24-AFCF-97E12D92E1CC}.Release|Any CPU.ActiveCfg = Release|Any CPU
		{1F272E7F-032D-4D24-AFCF-97E12D92E1CC}.Release|Any CPU.Build.0 = Release|Any CPU
		{52C76FD8-FD52-4FC7-B33C-612E505D1B7F}.Debug|Any CPU.ActiveCfg = Debug|Any CPU
		{52C76FD8-FD52-4FC7-B33C-612E505D1B7F}.Debug|Any CPU.Build.0 = Debug|Any CPU
		{52C76FD8-FD52-4FC7-B33C-612E505D1B7F}.Release|Any CPU.ActiveCfg = Release|Any CPU
		{52C76FD8-FD52-4FC7-B33C-612E505D1B7F}.Release|Any CPU.Build.0 = Release|Any CPU
		{D61A415E-1A97-48E4-9F29-E5537D30DD1A}.Debug|Any CPU.ActiveCfg = Debug|Any CPU
		{D61A415E-1A97-48E4-9F29-E5537D30DD1A}.Debug|Any CPU.Build.0 = Debug|Any CPU
		{D61A415E-1A97-48E4-9F29-E5537D30DD1A}.Release|Any CPU.ActiveCfg = Release|Any CPU
		{D61A415E-1A97-48E4-9F29-E5537D30DD1A}.Release|Any CPU.Build.0 = Release|Any CPU
		{92118941-60F5-4F98-9A55-9EEBED80B84B}.Debug|Any CPU.ActiveCfg = Debug|Any CPU
		{92118941-60F5-4F98-9A55-9EEBED80B84B}.Debug|Any CPU.Build.0 = Debug|Any CPU
		{92118941-60F5-4F98-9A55-9EEBED80B84B}.Release|Any CPU.ActiveCfg = Release|Any CPU
		{92118941-60F5-4F98-9A55-9EEBED80B84B}.Release|Any CPU.Build.0 = Release|Any CPU
		{797F4BD7-139C-4660-83A0-60981701B002}.Debug|Any CPU.ActiveCfg = Debug|Any CPU
		{797F4BD7-139C-4660-83A0-60981701B002}.Debug|Any CPU.Build.0 = Debug|Any CPU
		{797F4BD7-139C-4660-83A0-60981701B002}.Release|Any CPU.ActiveCfg = Release|Any CPU
		{797F4BD7-139C-4660-83A0-60981701B002}.Release|Any CPU.Build.0 = Release|Any CPU
		{BD25E060-2CA8-447E-ACD9-42E99FD129F6}.Debug|Any CPU.ActiveCfg = Debug|Any CPU
		{BD25E060-2CA8-447E-ACD9-42E99FD129F6}.Debug|Any CPU.Build.0 = Debug|Any CPU
		{BD25E060-2CA8-447E-ACD9-42E99FD129F6}.Release|Any CPU.ActiveCfg = Release|Any CPU
		{BD25E060-2CA8-447E-ACD9-42E99FD129F6}.Release|Any CPU.Build.0 = Release|Any CPU
	EndGlobalSection
	GlobalSection(SolutionProperties) = preSolution
		HideSolutionNode = FALSE
	EndGlobalSection
	GlobalSection(NestedProjects) = preSolution
		{AB51F7C9-E955-404F-B808-9D6C211950A6} = {F1AE78C0-4894-4D1C-9A02-AB71E94306F7}
		{5354F543-E7F6-46E3-99DC-7F56D4573ACF} = {F1AE78C0-4894-4D1C-9A02-AB71E94306F7}
		{7908F454-A8C8-42A8-8949-C1B33E2B56EF} = {F1AE78C0-4894-4D1C-9A02-AB71E94306F7}
		{B79539C3-9A24-437C-A8B0-578C2FF80763} = {F1AE78C0-4894-4D1C-9A02-AB71E94306F7}
		{2F970D78-25E7-4374-848D-5FE159B23983} = {F1AE78C0-4894-4D1C-9A02-AB71E94306F7}
		{E0BABC2B-C759-4F1E-9109-BC52F9A9E7DF} = {F1AE78C0-4894-4D1C-9A02-AB71E94306F7}
		{39C0FE33-A0C6-4276-8C04-61314F5770FC} = {F1AE78C0-4894-4D1C-9A02-AB71E94306F7}
		{D64F1786-68BF-47D9-8AA8-8758E75386A4} = {F1AE78C0-4894-4D1C-9A02-AB71E94306F7}
		{D5C1BF43-FCB2-44FB-A84D-E80697471011} = {4158C429-5F1F-4FC6-B3E0-23FB8679F639}
		{1CD9CD24-BFE9-4CA8-8469-1DD717E9A2D5} = {0EBABE71-7A0B-4253-BC8A-51E338F9EAA6}
		{1F272E7F-032D-4D24-AFCF-97E12D92E1CC} = {F1AE78C0-4894-4D1C-9A02-AB71E94306F7}
		{52C76FD8-FD52-4FC7-B33C-612E505D1B7F} = {4158C429-5F1F-4FC6-B3E0-23FB8679F639}
		{D61A415E-1A97-48E4-9F29-E5537D30DD1A} = {4158C429-5F1F-4FC6-B3E0-23FB8679F639}
		{92118941-60F5-4F98-9A55-9EEBED80B84B} = {4158C429-5F1F-4FC6-B3E0-23FB8679F639}
		{797F4BD7-139C-4660-83A0-60981701B002} = {4158C429-5F1F-4FC6-B3E0-23FB8679F639}
		{BD25E060-2CA8-447E-ACD9-42E99FD129F6} = {4158C429-5F1F-4FC6-B3E0-23FB8679F639}
	EndGlobalSection
	GlobalSection(ExtensibilityGlobals) = postSolution
		SolutionGuid = {123E34D5-DA60-4929-9110-E760ECAC5050}
	EndGlobalSection
EndGlobal
